
Microsoft Visual Studio Solution File, Format Version 11.00
# Visual Studio 2010
Project("{F184B08F-C81C-45F6-A57F-5ABD9991F28F}") = "WcfService23", "WcfService23\WcfService23.vbproj", "{F504C6C7-D187-4328-85C7-3431EE4E7F32}"
EndProject
Global
	GlobalSection(SolutionConfigurationPlatforms) = preSolution
		Debug|Any CPU = Debug|Any CPU
		Release|Any CPU = Release|Any CPU
	EndGlobalSection
	GlobalSection(ProjectConfigurationPlatforms) = postSolution
		{F504C6C7-D187-4328-85C7-3431EE4E7F32}.Debug|Any CPU.ActiveCfg = Debug|Any CPU
		{F504C6C7-D187-4328-85C7-3431EE4E7F32}.Debug|Any CPU.Build.0 = Debug|Any CPU
		{F504C6C7-D187-4328-85C7-3431EE4E7F32}.Release|Any CPU.ActiveCfg = Release|Any CPU
		{F504C6C7-D187-4328-85C7-3431EE4E7F32}.Release|Any CPU.Build.0 = Release|Any CPU
	EndGlobalSection
	GlobalSection(SolutionProperties) = preSolution
		HideSolutionNode = FALSE
	EndGlobalSection
EndGlobal
